PODS:
  - Charts (3.0.2):
    - Charts/Core (= 3.0.2)
  - Charts/Core (3.0.2)
  - SwiftyJSON (2.3.2)

DEPENDENCIES:
  - Charts (from `https://github.com/danielgindi/Charts.git`, branch `master`)
  - SwiftyJSON

EXTERNAL SOURCES:
  Charts:
    :branch: master
    :git: https://github.com/danielgindi/Charts.git

CHECKOUT OPTIONS:
  Charts:
    :commit: f23e872e7573f8c79862ff4822cfc5683703d424
    :git: https://github.com/danielgindi/Charts.git

SPEC CHECKSUMS:
  Charts: e955b9a241a14a8971d70143002c8ab1610d26b6
  SwiftyJSON: 04ccea08915aa0109039157c7974cf0298da292a

PODFILE CHECKSUM: 30f2cc38f4d4adb081f0fcb871bd13147294500e

COCOAPODS: 1.2.1
